// !$*UTF8*$!
{
	archiveVersion = 1;
	classes = {
	};
	objectVersion = 56;
	objects = {

/* Begin PBXBuildFile section */
		4AF0762B2976CF1D00FA1C99 /* main.swift in Sources */ = {isa = PBXBuildFile; fileRef = 4AF0762A2976CF1D00FA1C99 /* main.swift */; };
/* End PBXBuildFile section */

/* Begin PBXCopyFilesBuildPhase section */
		4AB0FBC22955DBA100517F7D /* CopyFiles */ = {
			isa = PBXCopyFilesBuildPhase;
			buildActionMask = 2147483647;
			dstPath = /usr/share/man/man1/;
			dstSubfolderSpec = 0;
			files = (
			);
			runOnlyForDeploymentPostprocessing = 1;
		};
/* End PBXCopyFilesBuildPhase section */

/* Begin PBXFileReference section */
		4A2B83562962C03800BB0B2E /* 최댓값 만들기(2) .swift */ = {isa = PBXFileReference; lastKnownFileType = sourcecode.swift; path = "최댓값 만들기(2) .swift"; sourceTree = "<group>"; };
		4A2B83582962C26E00BB0B2E /* 배열 회전시키기.swift */ = {isa = PBXFileReference; lastKnownFileType = sourcecode.swift; path = "배열 회전시키기.swift"; sourceTree = "<group>"; };
		4A2B835A2962C75900BB0B2E /* 외계행성의 나이.swift */ = {isa = PBXFileReference; lastKnownFileType = sourcecode.swift; path = "외계행성의 나이.swift"; sourceTree = "<group>"; };
		4A2B835C2963123700BB0B2E /* 피자 나눠먹기 (2)GCD.swift */ = {isa = PBXFileReference; lastKnownFileType = sourcecode.swift; path = "피자 나눠먹기 (2)GCD.swift"; sourceTree = "<group>"; };
		4A2B835E2963180E00BB0B2E /* 인덱스 바꾸기.swift */ = {isa = PBXFileReference; lastKnownFileType = sourcecode.swift; path = "인덱스 바꾸기.swift"; sourceTree = "<group>"; };
		4A2B83602963199000BB0B2E /* 숫자 찾기.swift */ = {isa = PBXFileReference; lastKnownFileType = sourcecode.swift; path = "숫자 찾기.swift"; sourceTree = "<group>"; };
		4A2B83622964484F00BB0B2E /* 369게임.swift */ = {isa = PBXFileReference; lastKnownFileType = sourcecode.swift; path = "369게임.swift"; sourceTree = "<group>"; };
		4A2B8364296449D200BB0B2E /* 문자열 정렬하기 (2).swift */ = {isa = PBXFileReference; lastKnownFileType = sourcecode.swift; path = "문자열 정렬하기 (2).swift"; sourceTree = "<group>"; };
		4A2B836629644C8900BB0B2E /* 합성수 찾기.swift */ = {isa = PBXFileReference; lastKnownFileType = sourcecode.swift; path = "합성수 찾기.swift"; sourceTree = "<group>"; };
		4A72FBE2296D2E24008EB8A5 /* 중복된 문자 제거.swift */ = {isa = PBXFileReference; lastKnownFileType = sourcecode.swift; path = "중복된 문자 제거.swift"; sourceTree = "<group>"; };
		4A72FBE4296D3E48008EB8A5 /* 팩토리얼.swift */ = {isa = PBXFileReference; lastKnownFileType = sourcecode.swift; path = "팩토리얼.swift"; sourceTree = "<group>"; };
		4A72FBE6296D411E008EB8A5 /* 모스부호.swift */ = {isa = PBXFileReference; lastKnownFileType = sourcecode.swift; path = "모스부호.swift"; sourceTree = "<group>"; };
		4A72FBE8296D4DE0008EB8A5 /* A로 B 만들기.swift */ = {isa = PBXFileReference; lastKnownFileType = sourcecode.swift; path = "A로 B 만들기.swift"; sourceTree = "<group>"; };
		4A72FBEA296D4FF7008EB8A5 /* 2차원으로 만들기.swift */ = {isa = PBXFileReference; lastKnownFileType = sourcecode.swift; path = "2차원으로 만들기.swift"; sourceTree = "<group>"; };
		4A72FBEC296D543A008EB8A5 /* k의 개수.swift */ = {isa = PBXFileReference; lastKnownFileType = sourcecode.swift; path = "k의 개수.swift"; sourceTree = "<group>"; };
		4A72FBEE296D558B008EB8A5 /* 가까운수.swift */ = {isa = PBXFileReference; lastKnownFileType = sourcecode.swift; path = "가까운수.swift"; sourceTree = "<group>"; };
		4A72FBF0296D8960008EB8A5 /* 진료순서 정하기.swift */ = {isa = PBXFileReference; lastKnownFileType = sourcecode.swift; path = "진료순서 정하기.swift"; sourceTree = "<group>"; };
		4A72FBF2296D8A59008EB8A5 /* 한 번만 등장한 문자.swift */ = {isa = PBXFileReference; lastKnownFileType = sourcecode.swift; path = "한 번만 등장한 문자.swift"; sourceTree = "<group>"; };
		4A72FBF4296D93FA008EB8A5 /* 이진수 더하기.swift */ = {isa = PBXFileReference; lastKnownFileType = sourcecode.swift; path = "이진수 더하기.swift"; sourceTree = "<group>"; };
		4A72FBF6296EE49B008EB8A5 /* 7의 개수.swift */ = {isa = PBXFileReference; lastKnownFileType = sourcecode.swift; path = "7의 개수.swift"; sourceTree = "<group>"; };
		4A72FBF8296EE59D008EB8A5 /* 숨어있는 숫자의 덧셈(2).swift */ = {isa = PBXFileReference; lastKnownFileType = sourcecode.swift; path = "숨어있는 숫자의 덧셈(2).swift"; sourceTree = "<group>"; };
		4A72FBFA296EE858008EB8A5 /* 공 던지기.swift */ = {isa = PBXFileReference; lastKnownFileType = sourcecode.swift; path = "공 던지기.swift"; sourceTree = "<group>"; };
		4A72FBFC296FC3DB008EB8A5 /* 소인수분해.swift */ = {isa = PBXFileReference; lastKnownFileType = sourcecode.swift; path = "소인수분해.swift"; sourceTree = "<group>"; };
		4A72FBFE296FC926008EB8A5 /* 영어가 싫어요.swift */ = {isa = PBXFileReference; lastKnownFileType = sourcecode.swift; path = "영어가 싫어요.swift"; sourceTree = "<group>"; };
		4A72FC00296FCC8E008EB8A5 /* 잘라서 배열로 저장하기.swift */ = {isa = PBXFileReference; lastKnownFileType = sourcecode.swift; path = "잘라서 배열로 저장하기.swift"; sourceTree = "<group>"; };
		4A72FC02296FDB01008EB8A5 /* 문자열 계산하기.swift */ = {isa = PBXFileReference; lastKnownFileType = sourcecode.swift; path = "문자열 계산하기.swift"; sourceTree = "<group>"; };
		4A72FC05297188CA008EB8A5 /* 구슬을 나누는 경우의 수.swift */ = {isa = PBXFileReference; lastKnownFileType = sourcecode.swift; path = "구슬을 나누는 경우의 수.swift"; sourceTree = "<group>"; };
		4AAAC27F2961527A00FC50AC /* 개미군단.swift */ = {isa = PBXFileReference; lastKnownFileType = sourcecode.swift; path = "개미군단.swift"; sourceTree = "<group>"; };
		4AAAC2812961546400FC50AC /* 직각삼각형 출력하기.swift */ = {isa = PBXFileReference; lastKnownFileType = sourcecode.swift; path = "직각삼각형 출력하기.swift"; sourceTree = "<group>"; };
		4AAAC283296156FF00FC50AC /* 세균 증식.swift */ = {isa = PBXFileReference; lastKnownFileType = sourcecode.swift; path = "세균 증식.swift"; sourceTree = "<group>"; };
		4AAAC2852961586D00FC50AC /* 대문자와 소문자.swift */ = {isa = PBXFileReference; lastKnownFileType = sourcecode.swift; path = "대문자와 소문자.swift"; sourceTree = "<group>"; };
		4AAAC28729615A3900FC50AC /* 암호 해독.swift */ = {isa = PBXFileReference; lastKnownFileType = sourcecode.swift; path = "암호 해독.swift"; sourceTree = "<group>"; };
		4AAAC28929615F6A00FC50AC /* 가위 바위 보.swift */ = {isa = PBXFileReference; lastKnownFileType = sourcecode.swift; path = "가위 바위 보.swift"; sourceTree = "<group>"; };
		4AAAC28B2961604200FC50AC /* 문자열 정렬하기(1).swift */ = {isa = PBXFileReference; lastKnownFileType = sourcecode.swift; path = "문자열 정렬하기(1).swift"; sourceTree = "<group>"; };
		4AAAC28D2961746300FC50AC /* 가장 큰 수 찾기.swift */ = {isa = PBXFileReference; lastKnownFileType = sourcecode.swift; path = "가장 큰 수 찾기.swift"; sourceTree = "<group>"; };
		4AAAC28F2961761E00FC50AC /* 약수.swift */ = {isa = PBXFileReference; lastKnownFileType = sourcecode.swift; path = "약수.swift"; sourceTree = "<group>"; };
		4AB0FBC42955DBA100517F7D /* SwiftAlgorithm */ = {isa = PBXFileReference; explicitFileType = "compiled.mach-o.executable"; includeInIndex = 0; path = SwiftAlgorithm; sourceTree = BUILT_PRODUCTS_DIR; };
		4AB0FBC72955DBA100517F7D /* 순서쌍의 개수.swift */ = {isa = PBXFileReference; lastKnownFileType = sourcecode.swift; path = "순서쌍의 개수.swift"; sourceTree = "<group>"; };
		4AE01D272960188700EB11E9 /* 모음제거.swift */ = {isa = PBXFileReference; lastKnownFileType = sourcecode.swift; path = "모음제거.swift"; sourceTree = "<group>"; };
		4AE01D2929601DB400EB11E9 /* 숨어있는 숫자의 덧셈.swift */ = {isa = PBXFileReference; lastKnownFileType = sourcecode.swift; path = "숨어있는 숫자의 덧셈.swift"; sourceTree = "<group>"; };
		4AF0761C29751D7500FA1C99 /* 컨트롤 제트.swift */ = {isa = PBXFileReference; lastKnownFileType = sourcecode.swift; path = "컨트롤 제트.swift"; sourceTree = "<group>"; };
		4AF0761E2975322600FA1C99 /* 외계어 사전.swift */ = {isa = PBXFileReference; lastKnownFileType = sourcecode.swift; path = "외계어 사전.swift"; sourceTree = "<group>"; };
		4AF076202975354B00FA1C99 /* 종이 자르기.swift */ = {isa = PBXFileReference; lastKnownFileType = sourcecode.swift; path = "종이 자르기.swift"; sourceTree = "<group>"; };
		4AF076222975745400FA1C99 /* 삼각형의 완성조건(2).swift */ = {isa = PBXFileReference; lastKnownFileType = sourcecode.swift; path = "삼각형의 완성조건(2).swift"; sourceTree = "<group>"; };
		4AF076242975782000FA1C99 /* 캐릭터의 좌표.swift */ = {isa = PBXFileReference; lastKnownFileType = sourcecode.swift; path = "캐릭터의 좌표.swift"; sourceTree = "<group>"; };
		4AF076262976C8F800FA1C99 /* 로그인 성공?.swift */ = {isa = PBXFileReference; lastKnownFileType = sourcecode.swift; path = "로그인 성공?.swift"; sourceTree = "<group>"; };
		4AF076282976CCB300FA1C99 /* 직사각형 넓이 구하기.swift */ = {isa = PBXFileReference; lastKnownFileType = sourcecode.swift; path = "직사각형 넓이 구하기.swift"; sourceTree = "<group>"; };
		4AF0762A2976CF1D00FA1C99 /* main.swift */ = {isa = PBXFileReference; lastKnownFileType = sourcecode.swift; path = main.swift; sourceTree = "<group>"; };
/* End PBXFileReference section */

/* Begin PBXFrameworksBuildPhase section */
		4AB0FBC12955DBA100517F7D /* Frameworks */ = {
			isa = PBXFrameworksBuildPhase;
			buildActionMask = 2147483647;
			files = (
			);
			runOnlyForDeploymentPostprocessing = 0;
		};
/* End PBXFrameworksBuildPhase section */

/* Begin PBXGroup section */
		4AB0FBBB2955DBA100517F7D = {
			isa = PBXGroup;
			children = (
				4AB0FBC62955DBA100517F7D /* SwiftAlgorithm */,
				4AB0FBC52955DBA100517F7D /* Products */,
			);
			sourceTree = "<group>";
		};
		4AB0FBC52955DBA100517F7D /* Products */ = {
			isa = PBXGroup;
			children = (
				4AB0FBC42955DBA100517F7D /* SwiftAlgorithm */,
			);
			name = Products;
			sourceTree = "<group>";
		};
		4AB0FBC62955DBA100517F7D /* SwiftAlgorithm */ = {
			isa = PBXGroup;
			children = (
				4AE01D26296013C300EB11E9 /* LV0 */,
			);
			path = SwiftAlgorithm;
			sourceTree = "<group>";
		};
		4AE01D26296013C300EB11E9 /* LV0 */ = {
			isa = PBXGroup;
			children = (
				4AB0FBC72955DBA100517F7D /* 순서쌍의 개수.swift */,
				4AE01D272960188700EB11E9 /* 모음제거.swift */,
				4AE01D2929601DB400EB11E9 /* 숨어있는 숫자의 덧셈.swift */,
				4AAAC27F2961527A00FC50AC /* 개미군단.swift */,
				4AAAC2812961546400FC50AC /* 직각삼각형 출력하기.swift */,
				4AAAC283296156FF00FC50AC /* 세균 증식.swift */,
				4AAAC2852961586D00FC50AC /* 대문자와 소문자.swift */,
				4AAAC28729615A3900FC50AC /* 암호 해독.swift */,
				4AAAC28929615F6A00FC50AC /* 가위 바위 보.swift */,
				4AAAC28B2961604200FC50AC /* 문자열 정렬하기(1).swift */,
				4AAAC28D2961746300FC50AC /* 가장 큰 수 찾기.swift */,
				4AAAC28F2961761E00FC50AC /* 약수.swift */,
				4A2B83562962C03800BB0B2E /* 최댓값 만들기(2) .swift */,
				4A2B83582962C26E00BB0B2E /* 배열 회전시키기.swift */,
				4A2B835A2962C75900BB0B2E /* 외계행성의 나이.swift */,
				4A2B835C2963123700BB0B2E /* 피자 나눠먹기 (2)GCD.swift */,
				4A2B835E2963180E00BB0B2E /* 인덱스 바꾸기.swift */,
				4A2B83602963199000BB0B2E /* 숫자 찾기.swift */,
				4A2B83622964484F00BB0B2E /* 369게임.swift */,
				4A2B8364296449D200BB0B2E /* 문자열 정렬하기 (2).swift */,
				4A2B836629644C8900BB0B2E /* 합성수 찾기.swift */,
				4A72FBE2296D2E24008EB8A5 /* 중복된 문자 제거.swift */,
				4A72FBE4296D3E48008EB8A5 /* 팩토리얼.swift */,
				4A72FBE6296D411E008EB8A5 /* 모스부호.swift */,
				4A72FBE8296D4DE0008EB8A5 /* A로 B 만들기.swift */,
				4A72FBEA296D4FF7008EB8A5 /* 2차원으로 만들기.swift */,
				4A72FBEC296D543A008EB8A5 /* k의 개수.swift */,
				4A72FBEE296D558B008EB8A5 /* 가까운수.swift */,
				4A72FBF0296D8960008EB8A5 /* 진료순서 정하기.swift */,
				4A72FBF2296D8A59008EB8A5 /* 한 번만 등장한 문자.swift */,
				4A72FBF4296D93FA008EB8A5 /* 이진수 더하기.swift */,
				4A72FBF6296EE49B008EB8A5 /* 7의 개수.swift */,
				4A72FBF8296EE59D008EB8A5 /* 숨어있는 숫자의 덧셈(2).swift */,
				4A72FBFA296EE858008EB8A5 /* 공 던지기.swift */,
				4A72FBFC296FC3DB008EB8A5 /* 소인수분해.swift */,
				4A72FBFE296FC926008EB8A5 /* 영어가 싫어요.swift */,
				4A72FC00296FCC8E008EB8A5 /* 잘라서 배열로 저장하기.swift */,
				4A72FC02296FDB01008EB8A5 /* 문자열 계산하기.swift */,
				4A72FC05297188CA008EB8A5 /* 구슬을 나누는 경우의 수.swift */,
				4AF0761C29751D7500FA1C99 /* 컨트롤 제트.swift */,
				4AF0761E2975322600FA1C99 /* 외계어 사전.swift */,
				4AF076202975354B00FA1C99 /* 종이 자르기.swift */,
				4AF076222975745400FA1C99 /* 삼각형의 완성조건(2).swift */,
				4AF076242975782000FA1C99 /* 캐릭터의 좌표.swift */,
				4AF076262976C8F800FA1C99 /* 로그인 성공?.swift */,
				4AF076282976CCB300FA1C99 /* 직사각형 넓이 구하기.swift */,
				4AF0762A2976CF1D00FA1C99 /* main.swift */,
			);
			path = LV0;
			sourceTree = "<group>";
		};
/* End PBXGroup section */

/* Begin PBXNativeTarget section */
		4AB0FBC32955DBA100517F7D /* SwiftAlgorithm */ = {
			isa = PBXNativeTarget;
			buildConfigurationList = 4AB0FBCB2955DBA100517F7D /* Build configuration list for PBXNativeTarget "SwiftAlgorithm" */;
			buildPhases = (
				4AB0FBC02955DBA100517F7D /* Sources */,
				4AB0FBC12955DBA100517F7D /* Frameworks */,
				4AB0FBC22955DBA100517F7D /* CopyFiles */,
			);
			buildRules = (
			);
			dependencies = (
			);
			name = SwiftAlgorithm;
			productName = SwiftAlgorithm;
			productReference = 4AB0FBC42955DBA100517F7D /* SwiftAlgorithm */;
			productType = "com.apple.product-type.tool";
		};
/* End PBXNativeTarget section */

/* Begin PBXProject section */
		4AB0FBBC2955DBA100517F7D /* Project object */ = {
			isa = PBXProject;
			attributes = {
				BuildIndependentTargetsInParallel = 1;
				LastSwiftUpdateCheck = 1410;
				LastUpgradeCheck = 1410;
				TargetAttributes = {
					4AB0FBC32955DBA100517F7D = {
						CreatedOnToolsVersion = 14.1;
						LastSwiftMigration = 1410;
					};
				};
			};
			buildConfigurationList = 4AB0FBBF2955DBA100517F7D /* Build configuration list for PBXProject "SwiftAlgorithm" */;
			compatibilityVersion = "Xcode 14.0";
			developmentRegion = en;
			hasScannedForEncodings = 0;
			knownRegions = (
				en,
				Base,
			);
			mainGroup = 4AB0FBBB2955DBA100517F7D;
			productRefGroup = 4AB0FBC52955DBA100517F7D /* Products */;
			projectDirPath = "";
			projectRoot = "";
			targets = (
				4AB0FBC32955DBA100517F7D /* SwiftAlgorithm */,
			);
		};
/* End PBXProject section */

/* Begin PBXSourcesBuildPhase section */
		4AB0FBC02955DBA100517F7D /* Sources */ = {
			isa = PBXSourcesBuildPhase;
			buildActionMask = 2147483647;
			files = (
				4AF0762B2976CF1D00FA1C99 /* main.swift in Sources */,
			);
			runOnlyForDeploymentPostprocessing = 0;
		};
/* End PBXSourcesBuildPhase section */

/* Begin XCBuildConfiguration section */
		4AB0FBC92955DBA100517F7D /* Debug */ = {
			isa = XCBuildConfiguration;
			buildSettings = {
				ALWAYS_SEARCH_USER_PATHS = NO;
				CLANG_ANALYZER_NONNULL = YES;
				CLANG_ANALYZER_NUMBER_OBJECT_CONVERSION = YES_AGGRESSIVE;
				CLANG_CXX_LANGUAGE_STANDARD = "gnu++20";
				CLANG_ENABLE_MODULES = YES;
				CLANG_ENABLE_OBJC_ARC = YES;
				CLANG_ENABLE_OBJC_WEAK = YES;
				CLANG_WARN_BLOCK_CAPTURE_AUTORELEASING = YES;
				CLANG_WARN_BOOL_CONVERSION = YES;
				CLANG_WARN_COMMA = YES;
				CLANG_WARN_CONSTANT_CONVERSION = YES;
				CLANG_WARN_DEPRECATED_OBJC_IMPLEMENTATIONS = YES;
				CLANG_WARN_DIRECT_OBJC_ISA_USAGE = YES_ERROR;
				CLANG_WARN_DOCUMENTATION_COMMENTS = YES;
				CLANG_WARN_EMPTY_BODY = YES;
				CLANG_WARN_ENUM_CONVERSION = YES;
				CLANG_WARN_INFINITE_RECURSION = YES;
				CLANG_WARN_INT_CONVERSION = YES;
				CLANG_WARN_NON_LITERAL_NULL_CONVERSION = YES;
				CLANG_WARN_OBJC_IMPLICIT_RETAIN_SELF = YES;
				CLANG_WARN_OBJC_LITERAL_CONVERSION = YES;
				CLANG_WARN_OBJC_ROOT_CLASS = YES_ERROR;
				CLANG_WARN_QUOTED_INCLUDE_IN_FRAMEWORK_HEADER = YES;
				CLANG_WARN_RANGE_LOOP_ANALYSIS = YES;
				CLANG_WARN_STRICT_PROTOTYPES = YES;
				CLANG_WARN_SUSPICIOUS_MOVE = YES;
				CLANG_WARN_UNGUARDED_AVAILABILITY = YES_AGGRESSIVE;
				CLANG_WARN_UNREACHABLE_CODE = YES;
				CLANG_WARN__DUPLICATE_METHOD_MATCH = YES;
				COPY_PHASE_STRIP = NO;
				DEBUG_INFORMATION_FORMAT = dwarf;
				ENABLE_STRICT_OBJC_MSGSEND = YES;
				ENABLE_TESTABILITY = YES;
				GCC_C_LANGUAGE_STANDARD = gnu11;
				GCC_DYNAMIC_NO_PIC = NO;
				GCC_NO_COMMON_BLOCKS = YES;
				GCC_OPTIMIZATION_LEVEL = 0;
				GCC_PREPROCESSOR_DEFINITIONS = (
					"DEBUG=1",
					"$(inherited)",
				);
				GCC_WARN_64_TO_32_BIT_CONVERSION = YES;
				GCC_WARN_ABOUT_RETURN_TYPE = YES_ERROR;
				GCC_WARN_UNDECLARED_SELECTOR = YES;
				GCC_WARN_UNINITIALIZED_AUTOS = YES_AGGRESSIVE;
				GCC_WARN_UNUSED_FUNCTION = YES;
				GCC_WARN_UNUSED_VARIABLE = YES;
				MACOSX_DEPLOYMENT_TARGET = 12.5;
				MTL_ENABLE_DEBUG_INFO = INCLUDE_SOURCE;
				MTL_FAST_MATH = YES;
				ONLY_ACTIVE_ARCH = YES;
				SDKROOT = macosx;
				SWIFT_ACTIVE_COMPILATION_CONDITIONS = DEBUG;
				SWIFT_OPTIMIZATION_LEVEL = "-Onone";
			};
			name = Debug;
		};
		4AB0FBCA2955DBA100517F7D /* Release */ = {
			isa = XCBuildConfiguration;
			buildSettings = {
				ALWAYS_SEARCH_USER_PATHS = NO;
				CLANG_ANALYZER_NONNULL = YES;
				CLANG_ANALYZER_NUMBER_OBJECT_CONVERSION = YES_AGGRESSIVE;
				CLANG_CXX_LANGUAGE_STANDARD = "gnu++20";
				CLANG_ENABLE_MODULES = YES;
				CLANG_ENABLE_OBJC_ARC = YES;
				CLANG_ENABLE_OBJC_WEAK = YES;
				CLANG_WARN_BLOCK_CAPTURE_AUTORELEASING = YES;
				CLANG_WARN_BOOL_CONVERSION = YES;
				CLANG_WARN_COMMA = YES;
				CLANG_WARN_CONSTANT_CONVERSION = YES;
				CLANG_WARN_DEPRECATED_OBJC_IMPLEMENTATIONS = YES;
				CLANG_WARN_DIRECT_OBJC_ISA_USAGE = YES_ERROR;
				CLANG_WARN_DOCUMENTATION_COMMENTS = YES;
				CLANG_WARN_EMPTY_BODY = YES;
				CLANG_WARN_ENUM_CONVERSION = YES;
				CLANG_WARN_INFINITE_RECURSION = YES;
				CLANG_WARN_INT_CONVERSION = YES;
				CLANG_WARN_NON_LITERAL_NULL_CONVERSION = YES;
				CLANG_WARN_OBJC_IMPLICIT_RETAIN_SELF = YES;
				CLANG_WARN_OBJC_LITERAL_CONVERSION = YES;
				CLANG_WARN_OBJC_ROOT_CLASS = YES_ERROR;
				CLANG_WARN_QUOTED_INCLUDE_IN_FRAMEWORK_HEADER = YES;
				CLANG_WARN_RANGE_LOOP_ANALYSIS = YES;
				CLANG_WARN_STRICT_PROTOTYPES = YES;
				CLANG_WARN_SUSPICIOUS_MOVE = YES;
				CLANG_WARN_UNGUARDED_AVAILABILITY = YES_AGGRESSIVE;
				CLANG_WARN_UNREACHABLE_CODE = YES;
				CLANG_WARN__DUPLICATE_METHOD_MATCH = YES;
				COPY_PHASE_STRIP = NO;
				DEBUG_INFORMATION_FORMAT = "dwarf-with-dsym";
				ENABLE_NS_ASSERTIONS = NO;
				ENABLE_STRICT_OBJC_MSGSEND = YES;
				GCC_C_LANGUAGE_STANDARD = gnu11;
				GCC_NO_COMMON_BLOCKS = YES;
				GCC_WARN_64_TO_32_BIT_CONVERSION = YES;
				GCC_WARN_ABOUT_RETURN_TYPE = YES_ERROR;
				GCC_WARN_UNDECLARED_SELECTOR = YES;
				GCC_WARN_UNINITIALIZED_AUTOS = YES_AGGRESSIVE;
				GCC_WARN_UNUSED_FUNCTION = YES;
				GCC_WARN_UNUSED_VARIABLE = YES;
				MACOSX_DEPLOYMENT_TARGET = 12.5;
				MTL_ENABLE_DEBUG_INFO = NO;
				MTL_FAST_MATH = YES;
				SDKROOT = macosx;
				SWIFT_COMPILATION_MODE = wholemodule;
				SWIFT_OPTIMIZATION_LEVEL = "-O";
			};
			name = Release;
		};
		4AB0FBCC2955DBA100517F7D /* Debug */ = {
			isa = XCBuildConfiguration;
			buildSettings = {
				CLANG_ENABLE_MODULES = YES;
				CODE_SIGN_STYLE = Automatic;
				DEVELOPMENT_TEAM = JP5BCXZWJP;
				ENABLE_HARDENED_RUNTIME = YES;
				LD_RUNPATH_SEARCH_PATHS = (
					"$(inherited)",
					"@executable_path/../Frameworks",
					"@loader_path/../Frameworks",
				);
				PRODUCT_NAME = "$(TARGET_NAME)";
				SWIFT_OPTIMIZATION_LEVEL = "-Onone";
				SWIFT_VERSION = 5.0;
			};
			name = Debug;
		};
		4AB0FBCD2955DBA100517F7D /* Release */ = {
			isa = XCBuildConfiguration;
			buildSettings = {
				CLANG_ENABLE_MODULES = YES;
				CODE_SIGN_STYLE = Automatic;
				DEVELOPMENT_TEAM = JP5BCXZWJP;
				ENABLE_HARDENED_RUNTIME = YES;
				LD_RUNPATH_SEARCH_PATHS = (
					"$(inherited)",
					"@executable_path/../Frameworks",
					"@loader_path/../Frameworks",
				);
				PRODUCT_NAME = "$(TARGET_NAME)";
				SWIFT_VERSION = 5.0;
			};
			name = Release;
		};
/* End XCBuildConfiguration section */

/* Begin XCConfigurationList section */
		4AB0FBBF2955DBA100517F7D /* Build configuration list for PBXProject "SwiftAlgorithm" */ = {
			isa = XCConfigurationList;
			buildConfigurations = (
				4AB0FBC92955DBA100517F7D /* Debug */,
				4AB0FBCA2955DBA100517F7D /* Release */,
			);
			defaultConfigurationIsVisible = 0;
			defaultConfigurationName = Release;
		};
		4AB0FBCB2955DBA100517F7D /* Build configuration list for PBXNativeTarget "SwiftAlgorithm" */ = {
			isa = XCConfigurationList;
			buildConfigurations = (
				4AB0FBCC2955DBA100517F7D /* Debug */,
				4AB0FBCD2955DBA100517F7D /* Release */,
			);
			defaultConfigurationIsVisible = 0;
			defaultConfigurationName = Release;
		};
/* End XCConfigurationList section */
	};
	rootObject = 4AB0FBBC2955DBA100517F7D /* Project object */;
}
